
Microsoft Visual Studio Solution File, Format Version 12.00
# Visual Studio Version 16
VisualStudioVersion = 16.0.31105.61
MinimumVisualStudioVersion = 10.0.40219.1
Project("{FAE04EC0-301F-11D3-BF4B-00C04F79EFBC}") = "CS_OPERATOR_counter", "CS_OPERATOR_counter\CS_OPERATOR_counter.csproj", "{AFB8CC99-3935-4534-977C-46D3B26AABC3}"
EndProject
Global
	GlobalSection(SolutionConfigurationPlatforms) = preSolution
		Debug|Any CPU = Debug|Any CPU
		Release|Any CPU = Release|Any CPU
	EndGlobalSection
	GlobalSection(ProjectConfigurationPlatforms) = postSolution
		{AFB8CC99-3935-4534-977C-46D3B26AABC3}.Debug|Any CPU.ActiveCfg = Debug|Any CPU
		{AFB8CC99-3935-4534-977C-46D3B26AABC3}.Debug|Any CPU.Build.0 = Debug|Any CPU
		{AFB8CC99-3935-4534-977C-46D3B26AABC3}.Release|Any CPU.ActiveCfg = Release|Any CPU
		{AFB8CC99-3935-4534-977C-46D3B26AABC3}.Release|Any CPU.Build.0 = Release|Any CPU
	EndGlobalSection
	GlobalSection(SolutionProperties) = preSolution
		HideSolutionNode = FALSE
	EndGlobalSection
	GlobalSection(ExtensibilityGlobals) = postSolution
		SolutionGuid = {92BD6B27-1788-4496-9DE7-41B72D25E7EB}
	EndGlobalSection
EndGlobal
