
Microsoft Visual Studio Solution File, Format Version 12.00
# Visual Studio Version 16
VisualStudioVersion = 16.0.30413.136
MinimumVisualStudioVersion = 10.0.40219.1
Project("{FAE04EC0-301F-11D3-BF4B-00C04F79EFBC}") = "ConsoleApp2", "ConsoleApp2\ConsoleApp2.csproj", "{56971C04-F3B2-4EA0-A106-1FF357BEE32E}"
EndProject
Global
	GlobalSection(SolutionConfigurationPlatforms) = preSolution
		Debug|Any CPU = Debug|Any CPU
		Release|Any CPU = Release|Any CPU
	EndGlobalSection
	GlobalSection(ProjectConfigurationPlatforms) = postSolution
		{56971C04-F3B2-4EA0-A106-1FF357BEE32E}.Debug|Any CPU.ActiveCfg = Debug|Any CPU
		{56971C04-F3B2-4EA0-A106-1FF357BEE32E}.Debug|Any CPU.Build.0 = Debug|Any CPU
		{56971C04-F3B2-4EA0-A106-1FF357BEE32E}.Release|Any CPU.ActiveCfg = Release|Any CPU
		{56971C04-F3B2-4EA0-A106-1FF357BEE32E}.Release|Any CPU.Build.0 = Release|Any CPU
	EndGlobalSection
	GlobalSection(SolutionProperties) = preSolution
		HideSolutionNode = FALSE
	EndGlobalSection
	GlobalSection(ExtensibilityGlobals) = postSolution
		SolutionGuid = {EA1BBE58-956A-46C9-A4FB-ED6C6A49C6B0}
	EndGlobalSection
EndGlobal
