
Microsoft Visual Studio Solution File, Format Version 12.00
# Visual Studio Version 16
VisualStudioVersion = 16.0.30413.136
MinimumVisualStudioVersion = 10.0.40219.1
Project("{FAE04EC0-301F-11D3-BF4B-00C04F79EFBC}") = "ConsoleApp2", "ConsoleApp2\ConsoleApp2.csproj", "{12CAB42B-1A60-4CBE-85FD-DEC5C0DA9115}"
EndProject
Global
	GlobalSection(SolutionConfigurationPlatforms) = preSolution
		Debug|Any CPU = Debug|Any CPU
		Release|Any CPU = Release|Any CPU
	EndGlobalSection
	GlobalSection(ProjectConfigurationPlatforms) = postSolution
		{12CAB42B-1A60-4CBE-85FD-DEC5C0DA9115}.Debug|Any CPU.ActiveCfg = Debug|Any CPU
		{12CAB42B-1A60-4CBE-85FD-DEC5C0DA9115}.Debug|Any CPU.Build.0 = Debug|Any CPU
		{12CAB42B-1A60-4CBE-85FD-DEC5C0DA9115}.Release|Any CPU.ActiveCfg = Release|Any CPU
		{12CAB42B-1A60-4CBE-85FD-DEC5C0DA9115}.Release|Any CPU.Build.0 = Release|Any CPU
	EndGlobalSection
	GlobalSection(SolutionProperties) = preSolution
		HideSolutionNode = FALSE
	EndGlobalSection
	GlobalSection(ExtensibilityGlobals) = postSolution
		SolutionGuid = {FA4662DA-F3C0-43B7-B2D9-D758F61865DC}
	EndGlobalSection
EndGlobal
