
Microsoft Visual Studio Solution File, Format Version 12.00
# Visual Studio Version 16
VisualStudioVersion = 16.0.30413.136
MinimumVisualStudioVersion = 10.0.40219.1
Project("{FAE04EC0-301F-11D3-BF4B-00C04F79EFBC}") = "ConsoleApp3", "ConsoleApp3\ConsoleApp3.csproj", "{726764E7-AB79-4BE9-8765-0F19CB4C9497}"
EndProject
Global
	GlobalSection(SolutionConfigurationPlatforms) = preSolution
		Debug|Any CPU = Debug|Any CPU
		Release|Any CPU = Release|Any CPU
	EndGlobalSection
	GlobalSection(ProjectConfigurationPlatforms) = postSolution
		{726764E7-AB79-4BE9-8765-0F19CB4C9497}.Debug|Any CPU.ActiveCfg = Debug|Any CPU
		{726764E7-AB79-4BE9-8765-0F19CB4C9497}.Debug|Any CPU.Build.0 = Debug|Any CPU
		{726764E7-AB79-4BE9-8765-0F19CB4C9497}.Release|Any CPU.ActiveCfg = Release|Any CPU
		{726764E7-AB79-4BE9-8765-0F19CB4C9497}.Release|Any CPU.Build.0 = Release|Any CPU
	EndGlobalSection
	GlobalSection(SolutionProperties) = preSolution
		HideSolutionNode = FALSE
	EndGlobalSection
	GlobalSection(ExtensibilityGlobals) = postSolution
		SolutionGuid = {51B4DBE1-18AF-4C2D-998C-FFE8FF5C2C7F}
	EndGlobalSection
EndGlobal
